
Microsoft Visual Studio Solution File, Format Version 12.00
# Visual Studio Version 17
VisualStudioVersion = 17.8.34525.116
MinimumVisualStudioVersion = 10.0.40219.1
Project("{FAE04EC0-301F-11D3-BF4B-00C04F79EFBC}") = "pokemon_discord_bot", "pokemon_discord_bot\pokemon_discord_bot.csproj", "{B3D02E1E-B1FF-423F-B97A-D62EF67F6638}"
EndProject
Global
	GlobalSection(SolutionConfigurationPlatforms) = preSolution
		Debug|Any CPU = Debug|Any CPU
		Release|Any CPU = Release|Any CPU
	EndGlobalSection
	GlobalSection(ProjectConfigurationPlatforms) = postSolution
		{B3D02E1E-B1FF-423F-B97A-D62EF67F6638}.Debug|Any CPU.ActiveCfg = Debug|Any CPU
		{B3D02E1E-B1FF-423F-B97A-D62EF67F6638}.Debug|Any CPU.Build.0 = Debug|Any CPU
		{B3D02E1E-B1FF-423F-B97A-D62EF67F6638}.Release|Any CPU.ActiveCfg = Release|Any CPU
		{B3D02E1E-B1FF-423F-B97A-D62EF67F6638}.Release|Any CPU.Build.0 = Release|Any CPU
	EndGlobalSection
	GlobalSection(SolutionProperties) = preSolution
		HideSolutionNode = FALSE
	EndGlobalSection
	GlobalSection(ExtensibilityGlobals) = postSolution
		SolutionGuid = {A587A9B9-CFC1-4176-ACA8-BD4457D3CA20}
	EndGlobalSection
EndGlobal
